// !$*UTF8*$!
{
	archiveVersion = 1;
	classes = {
	};
	objectVersion = 46;
	objects = {

/* Begin PBXBuildFile section */
		944B9B7416F4430800FEF4B0 /* main.cpp in Sources */ = {isa = PBXBuildFile; fileRef = 944B9B7316F4430800FEF4B0 /* main.cpp */; };
		944B9B7616F4430800FEF4B0 /* learning.1 in CopyFiles */ = {isa = PBXBuildFile; fileRef = 944B9B7516F4430800FEF4B0 /* learning.1 */; };
/* End PBXBuildFile section */

/* Begin PBXContainerItemProxy section */
		943404C4171A8C6800417095 /* PBXContainerItemProxy */ = {
			isa = PBXContainerItemProxy;
			containerPortal = 943404C0171A8C6700417095 /* m_loader.xcodeproj */;
			proxyType = 2;
			remoteGlobalIDString = 943404B9171A8C6700417095;
			remoteInfo = m_loader;
		};
		943404EB171A8D3800417095 /* PBXContainerItemProxy */ = {
			isa = PBXContainerItemProxy;
			containerPortal = 943404E7171A8D3700417095 /* m_bus.xcodeproj */;
			proxyType = 2;
			remoteGlobalIDString = 943404E0171A8D3700417095;
			remoteInfo = m_bus;
		};
		9434052F171A9A6400417095 /* PBXContainerItemProxy */ = {
			isa = PBXContainerItemProxy;
			containerPortal = 9434052B171A9A6300417095 /* object.xcodeproj */;
			proxyType = 2;
			remoteGlobalIDString = 94340524171A9A6300417095;
			remoteInfo = object;
		};
		94340545171A9ADB00417095 /* PBXContainerItemProxy */ = {
			isa = PBXContainerItemProxy;
			containerPortal = 94340541171A9ADB00417095 /* instruction.xcodeproj */;
			proxyType = 2;
			remoteGlobalIDString = 9434053A171A9ADB00417095;
			remoteInfo = instruction;
		};
/* End PBXContainerItemProxy section */

/* Begin PBXCopyFilesBuildPhase section */
		944B9B6E16F4430700FEF4B0 /* CopyFiles */ = {
			isa = PBXCopyFilesBuildPhase;
			buildActionMask = 2147483647;
			dstPath = /usr/share/man/man1/;
			dstSubfolderSpec = 0;
			files = (
				944B9B7616F4430800FEF4B0 /* learning.1 in CopyFiles */,
			);
			runOnlyForDeploymentPostprocessing = 1;
		};
/* End PBXCopyFilesBuildPhase section */

/* Begin PBXFileReference section */
		940E623E16FF357300F001D6 /* event.h */ = {isa = PBXFileReference; fileEncoding = 4; lastKnownFileType = sourcecode.c.h; name = event.h; path = learning/include/event.h; sourceTree = "<group>"; };
		940E624916FF5A0600F001D6 /* manual.html */ = {isa = PBXFileReference; fileEncoding = 4; lastKnownFileType = text.html; name = manual.html; path = learning/ext/rapidxml/manual.html; sourceTree = "<group>"; };
		940E624A16FF5A0600F001D6 /* rapidxml_iterators.h */ = {isa = PBXFileReference; fileEncoding = 4; lastKnownFileType = sourcecode.c.h; name = rapidxml_iterators.h; path = learning/ext/rapidxml/rapidxml_iterators.h; sourceTree = "<group>"; };
		940E624B16FF5A0600F001D6 /* rapidxml_print.h */ = {isa = PBXFileReference; fileEncoding = 4; lastKnownFileType = sourcecode.c.h; name = rapidxml_print.h; path = learning/ext/rapidxml/rapidxml_print.h; sourceTree = "<group>"; };
		940E624C16FF5A0600F001D6 /* rapidxml_utils.h */ = {isa = PBXFileReference; fileEncoding = 4; lastKnownFileType = sourcecode.c.h; name = rapidxml_utils.h; path = learning/ext/rapidxml/rapidxml_utils.h; sourceTree = "<group>"; };
		940E624D16FF5A0600F001D6 /* rapidxml.h */ = {isa = PBXFileReference; fileEncoding = 4; lastKnownFileType = sourcecode.c.h; name = rapidxml.h; path = learning/ext/rapidxml/rapidxml.h; sourceTree = "<group>"; };
		94161F3E16FDC1590067884C /* items.h */ = {isa = PBXFileReference; fileEncoding = 4; lastKnownFileType = sourcecode.c.h; name = items.h; path = learning/include/items.h; sourceTree = "<group>"; };
		941FA62716F5B9FA0008C52A /* module.h */ = {isa = PBXFileReference; lastKnownFileType = sourcecode.c.h; name = module.h; path = learning/include/module.h; sourceTree = "<group>"; };
		94340498171A839900417095 /* assertion.h */ = {isa = PBXFileReference; lastKnownFileType = sourcecode.c.h; name = assertion.h; path = learning/include/assertion.h; sourceTree = "<group>"; };
		943404C0171A8C6700417095 /* m_loader.xcodeproj */ = {isa = PBXFileReference; lastKnownFileType = "wrapper.pb-project"; name = m_loader.xcodeproj; path = learning/module/m_loader/m_loader.xcodeproj; sourceTree = "<group>"; };
		943404E7171A8D3700417095 /* m_bus.xcodeproj */ = {isa = PBXFileReference; lastKnownFileType = "wrapper.pb-project"; name = m_bus.xcodeproj; path = learning/module/m_bus/m_bus.xcodeproj; sourceTree = "<group>"; };
		9434051A171A985E00417095 /* config */ = {isa = PBXFileReference; fileEncoding = 4; lastKnownFileType = text; name = config; path = learning/conf/config; sourceTree = "<group>"; };
		9434052B171A9A6300417095 /* object.xcodeproj */ = {isa = PBXFileReference; lastKnownFileType = "wrapper.pb-project"; name = object.xcodeproj; path = learning/lib/object/object.xcodeproj; sourceTree = "<group>"; };
		94340541171A9ADB00417095 /* instruction.xcodeproj */ = {isa = PBXFileReference; lastKnownFileType = "wrapper.pb-project"; name = instruction.xcodeproj; path = learning/lib/instruction/instruction.xcodeproj; sourceTree = "<group>"; };
		94373EF61701BF26009887C3 /* bus_compatible.h */ = {isa = PBXFileReference; lastKnownFileType = sourcecode.c.h; name = bus_compatible.h; path = learning/include/bus_compatible.h; sourceTree = "<group>"; };
		944B9B7016F4430800FEF4B0 /* learning */ = {isa = PBXFileReference; explicitFileType = "compiled.mach-o.executable"; includeInIndex = 0; path = learning; sourceTree = BUILT_PRODUCTS_DIR; };
		944B9B7316F4430800FEF4B0 /* main.cpp */ = {isa = PBXFileReference; lastKnownFileType = sourcecode.cpp.cpp; path = main.cpp; sourceTree = "<group>"; };
		944B9B7516F4430800FEF4B0 /* learning.1 */ = {isa = PBXFileReference; lastKnownFileType = text.man; path = learning.1; sourceTree = "<group>"; };
		944B9B8716F4454800FEF4B0 /* int.h */ = {isa = PBXFileReference; fileEncoding = 4; lastKnownFileType = sourcecode.c.h; name = int.h; path = learning/include/int.h; sourceTree = "<group>"; };
		94AEEE0717034193003CFBCD /* xml_conf.h */ = {isa = PBXFileReference; lastKnownFileType = sourcecode.c.h; name = xml_conf.h; path = learning/include/xml_conf.h; sourceTree = "<group>"; };
		94AEEE0D17034D11003CFBCD /* err_common.h */ = {isa = PBXFileReference; lastKnownFileType = sourcecode.c.h; name = err_common.h; path = learning/include/err_common.h; sourceTree = "<group>"; };
/* End PBXFileReference section */

/* Begin PBXFrameworksBuildPhase section */
		944B9B6D16F4430700FEF4B0 /* Frameworks */ = {
			isa = PBXFrameworksBuildPhase;
			buildActionMask = 2147483647;
			files = (
			);
			runOnlyForDeploymentPostprocessing = 0;
		};
/* End PBXFrameworksBuildPhase section */

/* Begin PBXGroup section */
		940E624816FF59E700F001D6 /* rapidxml */ = {
			isa = PBXGroup;
			children = (
				940E624916FF5A0600F001D6 /* manual.html */,
				940E624A16FF5A0600F001D6 /* rapidxml_iterators.h */,
				940E624B16FF5A0600F001D6 /* rapidxml_print.h */,
				940E624C16FF5A0600F001D6 /* rapidxml_utils.h */,
				940E624D16FF5A0600F001D6 /* rapidxml.h */,
			);
			name = rapidxml;
			sourceTree = "<group>";
		};
		943404C1171A8C6700417095 /* Products */ = {
			isa = PBXGroup;
			children = (
				943404C5171A8C6800417095 /* libm_loader.dylib */,
			);
			name = Products;
			sourceTree = "<group>";
		};
		943404E8171A8D3700417095 /* Products */ = {
			isa = PBXGroup;
			children = (
				943404EC171A8D3800417095 /* libm_bus.dylib */,
			);
			name = Products;
			sourceTree = "<group>";
		};
		94340519171A980A00417095 /* conf */ = {
			isa = PBXGroup;
			children = (
				9434051A171A985E00417095 /* config */,
			);
			name = conf;
			sourceTree = "<group>";
		};
		9434052C171A9A6300417095 /* Products */ = {
			isa = PBXGroup;
			children = (
				94340530171A9A6400417095 /* libobject.dylib */,
			);
			name = Products;
			sourceTree = "<group>";
		};
		94340542171A9ADB00417095 /* Products */ = {
			isa = PBXGroup;
			children = (
				94340546171A9ADB00417095 /* libinstruction.dylib */,
			);
			name = Products;
			sourceTree = "<group>";
		};
		944B9B6716F4430700FEF4B0 = {
			isa = PBXGroup;
			children = (
				94340541171A9ADB00417095 /* instruction.xcodeproj */,
				9434052B171A9A6300417095 /* object.xcodeproj */,
				943404E7171A8D3700417095 /* m_bus.xcodeproj */,
				943404C0171A8C6700417095 /* m_loader.xcodeproj */,
				94340519171A980A00417095 /* conf */,
				944B9B8D16F4459200FEF4B0 /* doc */,
				944B9B8C16F4458300FEF4B0 /* ext */,
				944B9B8616F4453500FEF4B0 /* include */,
				944B9B7216F4430800FEF4B0 /* learning */,
				944B9B7116F4430800FEF4B0 /* Products */,
			);
			sourceTree = "<group>";
		};
		944B9B7116F4430800FEF4B0 /* Products */ = {
			isa = PBXGroup;
			children = (
				944B9B7016F4430800FEF4B0 /* learning */,
			);
			name = Products;
			sourceTree = "<group>";
		};
		944B9B7216F4430800FEF4B0 /* learning */ = {
			isa = PBXGroup;
			children = (
				944B9B7316F4430800FEF4B0 /* main.cpp */,
				944B9B7516F4430800FEF4B0 /* learning.1 */,
			);
			path = learning;
			sourceTree = "<group>";
		};
		944B9B8616F4453500FEF4B0 /* include */ = {
			isa = PBXGroup;
			children = (
				940E623E16FF357300F001D6 /* event.h */,
				94161F3E16FDC1590067884C /* items.h */,
				944B9B8716F4454800FEF4B0 /* int.h */,
				941FA62716F5B9FA0008C52A /* module.h */,
				94373EF61701BF26009887C3 /* bus_compatible.h */,
				94AEEE0717034193003CFBCD /* xml_conf.h */,
				94AEEE0D17034D11003CFBCD /* err_common.h */,
				94340498171A839900417095 /* assertion.h */,
			);
			name = include;
			sourceTree = "<group>";
		};
		944B9B8C16F4458300FEF4B0 /* ext */ = {
			isa = PBXGroup;
			children = (
				940E624816FF59E700F001D6 /* rapidxml */,
			);
			name = ext;
			sourceTree = "<group>";
		};
		944B9B8D16F4459200FEF4B0 /* doc */ = {
			isa = PBXGroup;
			children = (
			);
			name = doc;
			sourceTree = "<group>";
		};
/* End PBXGroup section */

/* Begin PBXNativeTarget section */
		944B9B6F16F4430700FEF4B0 /* learning */ = {
			isa = PBXNativeTarget;
			buildConfigurationList = 944B9B7916F4430800FEF4B0 /* Build configuration list for PBXNativeTarget "learning" */;
			buildPhases = (
				944B9B6C16F4430700FEF4B0 /* Sources */,
				944B9B6D16F4430700FEF4B0 /* Frameworks */,
				944B9B6E16F4430700FEF4B0 /* CopyFiles */,
			);
			buildRules = (
			);
			dependencies = (
			);
			name = learning;
			productName = learning;
			productReference = 944B9B7016F4430800FEF4B0 /* learning */;
			productType = "com.apple.product-type.tool";
		};
/* End PBXNativeTarget section */

/* Begin PBXProject section */
		944B9B6816F4430700FEF4B0 /* Project object */ = {
			isa = PBXProject;
			attributes = {
				LastUpgradeCheck = 0460;
				ORGANIZATIONNAME = losor;
			};
			buildConfigurationList = 944B9B6B16F4430700FEF4B0 /* Build configuration list for PBXProject "learning" */;
			compatibilityVersion = "Xcode 3.2";
			developmentRegion = English;
			hasScannedForEncodings = 0;
			knownRegions = (
				en,
			);
			mainGroup = 944B9B6716F4430700FEF4B0;
			productRefGroup = 944B9B7116F4430800FEF4B0 /* Products */;
			projectDirPath = "";
			projectReferences = (
				{
					ProductGroup = 94340542171A9ADB00417095 /* Products */;
					ProjectRef = 94340541171A9ADB00417095 /* instruction.xcodeproj */;
				},
				{
					ProductGroup = 943404E8171A8D3700417095 /* Products */;
					ProjectRef = 943404E7171A8D3700417095 /* m_bus.xcodeproj */;
				},
				{
					ProductGroup = 943404C1171A8C6700417095 /* Products */;
					ProjectRef = 943404C0171A8C6700417095 /* m_loader.xcodeproj */;
				},
				{
					ProductGroup = 9434052C171A9A6300417095 /* Products */;
					ProjectRef = 9434052B171A9A6300417095 /* object.xcodeproj */;
				},
			);
			projectRoot = "";
			targets = (
				944B9B6F16F4430700FEF4B0 /* learning */,
			);
		};
/* End PBXProject section */

/* Begin PBXReferenceProxy section */
		943404C5171A8C6800417095 /* libm_loader.dylib */ = {
			isa = PBXReferenceProxy;
			fileType = "compiled.mach-o.dylib";
			path = libm_loader.dylib;
			remoteRef = 943404C4171A8C6800417095 /* PBXContainerItemProxy */;
			sourceTree = BUILT_PRODUCTS_DIR;
		};
		943404EC171A8D3800417095 /* libm_bus.dylib */ = {
			isa = PBXReferenceProxy;
			fileType = "compiled.mach-o.dylib";
			path = libm_bus.dylib;
			remoteRef = 943404EB171A8D3800417095 /* PBXContainerItemProxy */;
			sourceTree = BUILT_PRODUCTS_DIR;
		};
		94340530171A9A6400417095 /* libobject.dylib */ = {
			isa = PBXReferenceProxy;
			fileType = "compiled.mach-o.dylib";
			path = libobject.dylib;
			remoteRef = 9434052F171A9A6400417095 /* PBXContainerItemProxy */;
			sourceTree = BUILT_PRODUCTS_DIR;
		};
		94340546171A9ADB00417095 /* libinstruction.dylib */ = {
			isa = PBXReferenceProxy;
			fileType = "compiled.mach-o.dylib";
			path = libinstruction.dylib;
			remoteRef = 94340545171A9ADB00417095 /* PBXContainerItemProxy */;
			sourceTree = BUILT_PRODUCTS_DIR;
		};
/* End PBXReferenceProxy section */

/* Begin PBXSourcesBuildPhase section */
		944B9B6C16F4430700FEF4B0 /* Sources */ = {
			isa = PBXSourcesBuildPhase;
			buildActionMask = 2147483647;
			files = (
				944B9B7416F4430800FEF4B0 /* main.cpp in Sources */,
			);
			runOnlyForDeploymentPostprocessing = 0;
		};
/* End PBXSourcesBuildPhase section */

/* Begin XCBuildConfiguration section */
		944B9B7716F4430800FEF4B0 /* Debug */ = {
			isa = XCBuildConfiguration;
			buildSettings = {
				ALWAYS_SEARCH_USER_PATHS = NO;
				ARCHS = "$(ARCHS_STANDARD_64_BIT)";
				CLANG_CXX_LANGUAGE_STANDARD = "gnu++0x";
				CLANG_CXX_LIBRARY = "libc++";
				CLANG_WARN_CONSTANT_CONVERSION = YES;
				CLANG_WARN_EMPTY_BODY = YES;
				CLANG_WARN_ENUM_CONVERSION = YES;
				CLANG_WARN_INT_CONVERSION = YES;
				CLANG_WARN__DUPLICATE_METHOD_MATCH = YES;
				COPY_PHASE_STRIP = NO;
				GCC_C_LANGUAGE_STANDARD = gnu99;
				GCC_DYNAMIC_NO_PIC = NO;
				GCC_ENABLE_OBJC_EXCEPTIONS = YES;
				GCC_OPTIMIZATION_LEVEL = 0;
				GCC_PREPROCESSOR_DEFINITIONS = (
					"DEBUG=1",
					"$(inherited)",
				);
				GCC_SYMBOLS_PRIVATE_EXTERN = NO;
				GCC_WARN_64_TO_32_BIT_CONVERSION = YES;
				GCC_WARN_ABOUT_RETURN_TYPE = YES;
				GCC_WARN_UNINITIALIZED_AUTOS = YES;
				GCC_WARN_UNUSED_VARIABLE = YES;
				MACOSX_DEPLOYMENT_TARGET = 10.8;
				ONLY_ACTIVE_ARCH = YES;
				PRELINK_LIBS = "";
				SDKROOT = macosx;
				SYMROOT = /Users/losor/Documents/project/learning/learning/bin;
			};
			name = Debug;
		};
		944B9B7816F4430800FEF4B0 /* Release */ = {
			isa = XCBuildConfiguration;
			buildSettings = {
				ALWAYS_SEARCH_USER_PATHS = NO;
				ARCHS = "$(ARCHS_STANDARD_64_BIT)";
				CLANG_CXX_LANGUAGE_STANDARD = "gnu++0x";
				CLANG_CXX_LIBRARY = "libc++";
				CLANG_WARN_CONSTANT_CONVERSION = YES;
				CLANG_WARN_EMPTY_BODY = YES;
				CLANG_WARN_ENUM_CONVERSION = YES;
				CLANG_WARN_INT_CONVERSION = YES;
				CLANG_WARN__DUPLICATE_METHOD_MATCH = YES;
				COPY_PHASE_STRIP = YES;
				DEBUG_INFORMATION_FORMAT = "dwarf-with-dsym";
				GCC_C_LANGUAGE_STANDARD = gnu99;
				GCC_ENABLE_OBJC_EXCEPTIONS = YES;
				GCC_WARN_64_TO_32_BIT_CONVERSION = YES;
				GCC_WARN_ABOUT_RETURN_TYPE = YES;
				GCC_WARN_UNINITIALIZED_AUTOS = YES;
				GCC_WARN_UNUSED_VARIABLE = YES;
				MACOSX_DEPLOYMENT_TARGET = 10.8;
				PRELINK_LIBS = "";
				SDKROOT = macosx;
				SYMROOT = /Users/losor/Documents/project/learning/learning/bin;
			};
			name = Release;
		};
		944B9B7A16F4430800FEF4B0 /* Debug */ = {
			isa = XCBuildConfiguration;
			buildSettings = {
				CONFIGURATION_BUILD_DIR = "$(BUILD_DIR)/$(CONFIGURATION)$(EFFECTIVE_PLATFORM_NAME)";
				LIBRARY_SEARCH_PATHS = "/Users/losor/Documents/project/learning/learning/bin/$(CONFIGURATION)$(EFFECTIVE_PLATFORM_NAME)";
				OTHER_LDFLAGS = "-lobject";
				PRELINK_LIBS = "";
				PRODUCT_NAME = "$(TARGET_NAME)";
				SYMROOT = /Users/losor/Documents/project/learning/learning/bin;
			};
			name = Debug;
		};
		944B9B7B16F4430800FEF4B0 /* Release */ = {
			isa = XCBuildConfiguration;
			buildSettings = {
				LIBRARY_SEARCH_PATHS = "/Users/losor/Documents/project/learning/learning/bin/$(CONFIGURATION)$(EFFECTIVE_PLATFORM_NAME)";
				OTHER_LDFLAGS = "-lobject";
				PRELINK_LIBS = "";
				PRODUCT_NAME = "$(TARGET_NAME)";
				SYMROOT = /Users/losor/Documents/project/learning/learning/bin;
			};
			name = Release;
		};
/* End XCBuildConfiguration section */

/* Begin XCConfigurationList section */
		944B9B6B16F4430700FEF4B0 /* Build configuration list for PBXProject "learning" */ = {
			isa = XCConfigurationList;
			buildConfigurations = (
				944B9B7716F4430800FEF4B0 /* Debug */,
				944B9B7816F4430800FEF4B0 /* Release */,
			);
			defaultConfigurationIsVisible = 0;
			defaultConfigurationName = Release;
		};
		944B9B7916F4430800FEF4B0 /* Build configuration list for PBXNativeTarget "learning" */ = {
			isa = XCConfigurationList;
			buildConfigurations = (
				944B9B7A16F4430800FEF4B0 /* Debug */,
				944B9B7B16F4430800FEF4B0 /* Release */,
			);
			defaultConfigurationIsVisible = 0;
			defaultConfigurationName = Release;
		};
/* End XCConfigurationList section */
	};
	rootObject = 944B9B6816F4430700FEF4B0 /* Project object */;
}
